
Microsoft Visual Studio Solution File, Format Version 12.00
Project("{FAE04EC0-301F-11D3-BF4B-00C04F79EFBC}") = "SharpQ3.Engine", "SharpQ3.Engine\SharpQ3.Engine.csproj", "{93B2DBA2-555B-427B-A054-92AEA849678B}"
EndProject
Project("{FAE04EC0-301F-11D3-BF4B-00C04F79EFBC}") = "SharpQ3.Game", "SharpQ3.Game\SharpQ3.Game.csproj", "{2E64D2C5-E89E-4558-9703-96B674D6A487}"
EndProject
Project("{FAE04EC0-301F-11D3-BF4B-00C04F79EFBC}") = "SharpQ3.Ui", "SharpQ3.Ui\SharpQ3.Ui.csproj", "{8B9A0585-11ED-472C-ACB7-2A2B0CFB74C0}"
EndProject
Project("{FAE04EC0-301F-11D3-BF4B-00C04F79EFBC}") = "SharpQ3.CGame", "SharpQ3.CGame\SharpQ3.CGame.csproj", "{4E71F577-B7E3-4602-B328-15B0C28ED3DE}"
EndProject
Project("{FAE04EC0-301F-11D3-BF4B-00C04F79EFBC}") = "SharpQ3", "SharpQ3\SharpQ3.csproj", "{171D3546-5F1F-4C48-8DEC-2C76B6319EBD}"
EndProject
Global
	GlobalSection(SolutionConfigurationPlatforms) = preSolution
		Debug|Any CPU = Debug|Any CPU
		Release|Any CPU = Release|Any CPU
	EndGlobalSection
	GlobalSection(ProjectConfigurationPlatforms) = postSolution
		{93B2DBA2-555B-427B-A054-92AEA849678B}.Debug|Any CPU.ActiveCfg = Debug|Any CPU
		{93B2DBA2-555B-427B-A054-92AEA849678B}.Debug|Any CPU.Build.0 = Debug|Any CPU
		{93B2DBA2-555B-427B-A054-92AEA849678B}.Release|Any CPU.ActiveCfg = Release|Any CPU
		{93B2DBA2-555B-427B-A054-92AEA849678B}.Release|Any CPU.Build.0 = Release|Any CPU
		{2E64D2C5-E89E-4558-9703-96B674D6A487}.Debug|Any CPU.ActiveCfg = Debug|Any CPU
		{2E64D2C5-E89E-4558-9703-96B674D6A487}.Debug|Any CPU.Build.0 = Debug|Any CPU
		{2E64D2C5-E89E-4558-9703-96B674D6A487}.Release|Any CPU.ActiveCfg = Release|Any CPU
		{2E64D2C5-E89E-4558-9703-96B674D6A487}.Release|Any CPU.Build.0 = Release|Any CPU
		{8B9A0585-11ED-472C-ACB7-2A2B0CFB74C0}.Debug|Any CPU.ActiveCfg = Debug|Any CPU
		{8B9A0585-11ED-472C-ACB7-2A2B0CFB74C0}.Debug|Any CPU.Build.0 = Debug|Any CPU
		{8B9A0585-11ED-472C-ACB7-2A2B0CFB74C0}.Release|Any CPU.ActiveCfg = Release|Any CPU
		{8B9A0585-11ED-472C-ACB7-2A2B0CFB74C0}.Release|Any CPU.Build.0 = Release|Any CPU
		{4E71F577-B7E3-4602-B328-15B0C28ED3DE}.Debug|Any CPU.ActiveCfg = Debug|Any CPU
		{4E71F577-B7E3-4602-B328-15B0C28ED3DE}.Debug|Any CPU.Build.0 = Debug|Any CPU
		{4E71F577-B7E3-4602-B328-15B0C28ED3DE}.Release|Any CPU.ActiveCfg = Release|Any CPU
		{4E71F577-B7E3-4602-B328-15B0C28ED3DE}.Release|Any CPU.Build.0 = Release|Any CPU
		{171D3546-5F1F-4C48-8DEC-2C76B6319EBD}.Debug|Any CPU.ActiveCfg = Debug|Any CPU
		{171D3546-5F1F-4C48-8DEC-2C76B6319EBD}.Debug|Any CPU.Build.0 = Debug|Any CPU
		{171D3546-5F1F-4C48-8DEC-2C76B6319EBD}.Release|Any CPU.ActiveCfg = Release|Any CPU
		{171D3546-5F1F-4C48-8DEC-2C76B6319EBD}.Release|Any CPU.Build.0 = Release|Any CPU
	EndGlobalSection
EndGlobal
